
Microsoft Visual Studio Solution File, Format Version 12.00
# Visual Studio Version 16
VisualStudioVersion = 16.0.30804.86
MinimumVisualStudioVersion = 10.0.40219.1
Project("{FAE04EC0-301F-11D3-BF4B-00C04F79EFBC}") = "Demo", "Demo\Demo.csproj", "{916879F7-5514-4043-8423-88A7ACE675B0}"
EndProject
Global
	GlobalSection(SolutionConfigurationPlatforms) = preSolution
		Debug|Any CPU = Debug|Any CPU
		Release|Any CPU = Release|Any CPU
	EndGlobalSection
	GlobalSection(ProjectConfigurationPlatforms) = postSolution
		{916879F7-5514-4043-8423-88A7ACE675B0}.Debug|Any CPU.ActiveCfg = Debug|Any CPU
		{916879F7-5514-4043-8423-88A7ACE675B0}.Debug|Any CPU.Build.0 = Debug|Any CPU
		{916879F7-5514-4043-8423-88A7ACE675B0}.Release|Any CPU.ActiveCfg = Release|Any CPU
		{916879F7-5514-4043-8423-88A7ACE675B0}.Release|Any CPU.Build.0 = Release|Any CPU
	EndGlobalSection
	GlobalSection(SolutionProperties) = preSolution
		HideSolutionNode = FALSE
	EndGlobalSection
	GlobalSection(ExtensibilityGlobals) = postSolution
		SolutionGuid = {70FF40E8-AE8E-4E6F-A4A0-896D50D0E18F}
	EndGlobalSection
EndGlobal
